
Microsoft Visual Studio Solution File, Format Version 12.00
Project("{FAE04EC0-301F-11D3-BF4B-00C04F79EFBC}") = "Lab2", "Lab2\Lab2.csproj", "{ACE5B674-7FE7-4407-A678-5D1C13C8E102}"
EndProject
Global
	GlobalSection(SolutionConfigurationPlatforms) = preSolution
		Debug|Any CPU = Debug|Any CPU
		Release|Any CPU = Release|Any CPU
	EndGlobalSection
	GlobalSection(ProjectConfigurationPlatforms) = postSolution
		{ACE5B674-7FE7-4407-A678-5D1C13C8E102}.Debug|Any CPU.ActiveCfg = Debug|Any CPU
		{ACE5B674-7FE7-4407-A678-5D1C13C8E102}.Debug|Any CPU.Build.0 = Debug|Any CPU
		{ACE5B674-7FE7-4407-A678-5D1C13C8E102}.Release|Any CPU.ActiveCfg = Release|Any CPU
		{ACE5B674-7FE7-4407-A678-5D1C13C8E102}.Release|Any CPU.Build.0 = Release|Any CPU
	EndGlobalSection
EndGlobal
