
Microsoft Visual Studio Solution File, Format Version 12.00
Project("{FAE04EC0-301F-11D3-BF4B-00C04F79EFBC}") = "Lab11", "Lab11\Lab11.csproj", "{DA30211E-2F57-4561-937F-00E3CDC14824}"
EndProject
Global
	GlobalSection(SolutionConfigurationPlatforms) = preSolution
		Debug|Any CPU = Debug|Any CPU
		Release|Any CPU = Release|Any CPU
	EndGlobalSection
	GlobalSection(ProjectConfigurationPlatforms) = postSolution
		{DA30211E-2F57-4561-937F-00E3CDC14824}.Debug|Any CPU.ActiveCfg = Debug|Any CPU
		{DA30211E-2F57-4561-937F-00E3CDC14824}.Debug|Any CPU.Build.0 = Debug|Any CPU
		{DA30211E-2F57-4561-937F-00E3CDC14824}.Release|Any CPU.ActiveCfg = Release|Any CPU
		{DA30211E-2F57-4561-937F-00E3CDC14824}.Release|Any CPU.Build.0 = Release|Any CPU
	EndGlobalSection
EndGlobal
